
Microsoft Visual Studio Solution File, Format Version 12.00
# Visual Studio Version 17
VisualStudioVersion = 17.7.34202.233
MinimumVisualStudioVersion = 10.0.40219.1
Project("{FAE04EC0-301F-11D3-BF4B-00C04F79EFBC}") = "Campo Minado", "Campo Minado.csproj", "{EBB795AB-E281-45A1-946C-4120FCA4151B}"
EndProject
Global
	GlobalSection(SolutionConfigurationPlatforms) = preSolution
		Debug|Any CPU = Debug|Any CPU
		Release|Any CPU = Release|Any CPU
	EndGlobalSection
	GlobalSection(ProjectConfigurationPlatforms) = postSolution
		{EBB795AB-E281-45A1-946C-4120FCA4151B}.Debug|Any CPU.ActiveCfg = Debug|Any CPU
		{EBB795AB-E281-45A1-946C-4120FCA4151B}.Debug|Any CPU.Build.0 = Debug|Any CPU
		{EBB795AB-E281-45A1-946C-4120FCA4151B}.Release|Any CPU.ActiveCfg = Release|Any CPU
		{EBB795AB-E281-45A1-946C-4120FCA4151B}.Release|Any CPU.Build.0 = Release|Any CPU
	EndGlobalSection
	GlobalSection(SolutionProperties) = preSolution
		HideSolutionNode = FALSE
	EndGlobalSection
	GlobalSection(ExtensibilityGlobals) = postSolution
		SolutionGuid = {95DD1E0F-CFC7-4D98-A0A1-F992891EF46C}
	EndGlobalSection
EndGlobal
